
Microsoft Visual Studio Solution File, Format Version 12.00
# Visual Studio Version 17
VisualStudioVersion = 17.7.34202.233
MinimumVisualStudioVersion = 10.0.40219.1
Project("{9A19103F-16F7-4668-BE54-9A1E7A4F7556}") = "NavigIT", "NavigIT\NavigIT.csproj", "{7C63AF31-48C9-4C9E-8300-33D60A899B0E}"
EndProject
Global
	GlobalSection(SolutionConfigurationPlatforms) = preSolution
		Debug|Any CPU = Debug|Any CPU
		Release|Any CPU = Release|Any CPU
	EndGlobalSection
	GlobalSection(ProjectConfigurationPlatforms) = postSolution
		{7C63AF31-48C9-4C9E-8300-33D60A899B0E}.Debug|Any CPU.ActiveCfg = Debug|Any CPU
		{7C63AF31-48C9-4C9E-8300-33D60A899B0E}.Debug|Any CPU.Build.0 = Debug|Any CPU
		{7C63AF31-48C9-4C9E-8300-33D60A899B0E}.Release|Any CPU.ActiveCfg = Release|Any CPU
		{7C63AF31-48C9-4C9E-8300-33D60A899B0E}.Release|Any CPU.Build.0 = Release|Any CPU
	EndGlobalSection
	GlobalSection(SolutionProperties) = preSolution
		HideSolutionNode = FALSE
	EndGlobalSection
	GlobalSection(ExtensibilityGlobals) = postSolution
		SolutionGuid = {63FE90A2-E61E-4FE2-A939-C2E4D1178780}
	EndGlobalSection
EndGlobal
