
Microsoft Visual Studio Solution File, Format Version 12.00
# Visual Studio Version 17
VisualStudioVersion = 17.7.34031.279
MinimumVisualStudioVersion = 10.0.40219.1
Project("{FAE04EC0-301F-11D3-BF4B-00C04F79EFBC}") = "student-connect-api", "student-connect-api\student-connect-api.csproj", "{EC169051-9E23-42C5-86C4-94797F9E0AA1}"
EndProject
Global
	GlobalSection(SolutionConfigurationPlatforms) = preSolution
		Debug|Any CPU = Debug|Any CPU
		Release|Any CPU = Release|Any CPU
	EndGlobalSection
	GlobalSection(ProjectConfigurationPlatforms) = postSolution
		{EC169051-9E23-42C5-86C4-94797F9E0AA1}.Debug|Any CPU.ActiveCfg = Debug|Any CPU
		{EC169051-9E23-42C5-86C4-94797F9E0AA1}.Debug|Any CPU.Build.0 = Debug|Any CPU
		{EC169051-9E23-42C5-86C4-94797F9E0AA1}.Release|Any CPU.ActiveCfg = Release|Any CPU
		{EC169051-9E23-42C5-86C4-94797F9E0AA1}.Release|Any CPU.Build.0 = Release|Any CPU
	EndGlobalSection
	GlobalSection(SolutionProperties) = preSolution
		HideSolutionNode = FALSE
	EndGlobalSection
	GlobalSection(ExtensibilityGlobals) = postSolution
		SolutionGuid = {7771D87C-9303-473A-8674-89AD5CE6B7DB}
	EndGlobalSection
EndGlobal
